
Microsoft Visual Studio Solution File, Format Version 12.00
# Visual Studio Version 17
VisualStudioVersion = 17.10.35013.160
MinimumVisualStudioVersion = 10.0.40219.1
Project("{2150E333-8FDC-42A3-9474-1A3956D46DE8}") = "src", "src", "{CA3839A5-9058-47DE-867D-83E4DAC3A552}"
EndProject
Project("{2150E333-8FDC-42A3-9474-1A3956D46DE8}") = "tests", "tests", "{01B4A00A-C06A-439F-85D9-AB0F2A6559B8}"
EndProject
Project("{2150E333-8FDC-42A3-9474-1A3956D46DE8}") = "Application", "Application", "{5315036E-46EA-4807-B715-F05C6FA566AD}"
EndProject
Project("{2150E333-8FDC-42A3-9474-1A3956D46DE8}") = "Domain", "Domain", "{85997D57-5916-4CF6-9FF6-B5A7BB1FD81C}"
EndProject
Project("{2150E333-8FDC-42A3-9474-1A3956D46DE8}") = "Hosts", "Hosts", "{B6F8411C-E4BE-4DAA-8306-CFB02D9E47D0}"
EndProject
Project("{2150E333-8FDC-42A3-9474-1A3956D46DE8}") = "Clients", "Clients", "{281DC46F-5501-49BE-913E-F2F2BDFD0663}"
EndProject
Project("{2150E333-8FDC-42A3-9474-1A3956D46DE8}") = "Infrastructure", "Infrastructure", "{E7D67DBD-821A-48ED-9C1C-BAC82D57F255}"
EndProject
Project("{2150E333-8FDC-42A3-9474-1A3956D46DE8}") = "Contracts", "Contracts", "{9E1D7C2B-B085-4EB4-955D-8BC78F5F1182}"
EndProject
Project("{9A19103F-16F7-4668-BE54-9A1E7A4F7556}") = "MyELib.Clients.Console", "src\Clients\MyELib.Clients.Console\MyELib.Clients.Console.csproj", "{07B522CF-719B-4EDE-81B9-A8C2085467E7}"
EndProject
Project("{9A19103F-16F7-4668-BE54-9A1E7A4F7556}") = "MyELib.Infrastructure", "src\Infrastructure\MyELib.Infrastructure\MyELib.Infrastructure.csproj", "{B4F0FC49-C793-4F11-95D9-C24F6FD999DD}"
EndProject
Project("{9A19103F-16F7-4668-BE54-9A1E7A4F7556}") = "MyELib.Domain", "src\Domain\MyELib.Domain\MyELib.Domain.csproj", "{D5D16DC6-89E8-4C13-816D-FBAA1F899F20}"
EndProject
Project("{9A19103F-16F7-4668-BE54-9A1E7A4F7556}") = "MyELib.Application.AppData", "src\Application\MyELib.Application.AppData\MyELib.Application.AppData.csproj", "{B0F150E5-6149-46CA-9B83-A1FA1C7521CB}"
EndProject
Project("{2150E333-8FDC-42A3-9474-1A3956D46DE8}") = "Application", "Application", "{12957251-62D3-4B51-9339-4C4FCC1E5248}"
EndProject
Project("{9A19103F-16F7-4668-BE54-9A1E7A4F7556}") = "MyELib.Application.Tests", "tests\Application\MyELib.Application.Tests\MyELib.Application.Tests.csproj", "{D50C1C9E-4BF1-4B3F-B954-1EEA9D4596BF}"
EndProject
Project("{9A19103F-16F7-4668-BE54-9A1E7A4F7556}") = "MyELib.Contracts", "src\Contracts\MyELib.Contracts\MyELib.Contracts.csproj", "{BC092231-F3F9-4C54-8CB7-867ACE52A3E8}"
EndProject
Project("{9A19103F-16F7-4668-BE54-9A1E7A4F7556}") = "MyELib.Infrastructure.ComponentRegistrar", "src\Infrastructure\MyELib.Infrastructure.ComponentRegistrar\MyELib.Infrastructure.ComponentRegistrar.csproj", "{392729C8-8784-4ADC-927B-CD332907FA02}"
EndProject
Project("{9A19103F-16F7-4668-BE54-9A1E7A4F7556}") = "MyELib.Infrastructure.DataAccess", "src\Infrastructure\MyELib.Infrastructure.DataAccess\MyELib.Infrastructure.DataAccess.csproj", "{B4FFA430-BB38-489E-83D4-3FACED52E63B}"
EndProject
Project("{2150E333-8FDC-42A3-9474-1A3956D46DE8}") = "Infrastructure", "Infrastructure", "{6FA11F08-45A2-443E-B3AB-943DADF71E71}"
EndProject
Project("{9A19103F-16F7-4668-BE54-9A1E7A4F7556}") = "MyELib.Infrastructure.Tests", "tests\Infrastructure\MyELib.Infrastructure.Tests\MyELib.Infrastructure.Tests.csproj", "{D3C5DA99-5C66-4539-9FC0-FA56A5DB1593}"
EndProject
Project("{FAE04EC0-301F-11D3-BF4B-00C04F79EFBC}") = "MyELib.Hosts.Api", "src\Hosts\MyELib.Hosts.Api\MyELib.Hosts.Api.csproj", "{E64B0352-EEED-448B-A03E-1B067FE06212}"
EndProject
Global
	GlobalSection(SolutionConfigurationPlatforms) = preSolution
		Debug|Any CPU = Debug|Any CPU
		Release|Any CPU = Release|Any CPU
	EndGlobalSection
	GlobalSection(ProjectConfigurationPlatforms) = postSolution
		{07B522CF-719B-4EDE-81B9-A8C2085467E7}.Debug|Any CPU.ActiveCfg = Debug|Any CPU
		{07B522CF-719B-4EDE-81B9-A8C2085467E7}.Debug|Any CPU.Build.0 = Debug|Any CPU
		{07B522CF-719B-4EDE-81B9-A8C2085467E7}.Release|Any CPU.ActiveCfg = Release|Any CPU
		{07B522CF-719B-4EDE-81B9-A8C2085467E7}.Release|Any CPU.Build.0 = Release|Any CPU
		{B4F0FC49-C793-4F11-95D9-C24F6FD999DD}.Debug|Any CPU.ActiveCfg = Debug|Any CPU
		{B4F0FC49-C793-4F11-95D9-C24F6FD999DD}.Debug|Any CPU.Build.0 = Debug|Any CPU
		{B4F0FC49-C793-4F11-95D9-C24F6FD999DD}.Release|Any CPU.ActiveCfg = Release|Any CPU
		{B4F0FC49-C793-4F11-95D9-C24F6FD999DD}.Release|Any CPU.Build.0 = Release|Any CPU
		{D5D16DC6-89E8-4C13-816D-FBAA1F899F20}.Debug|Any CPU.ActiveCfg = Debug|Any CPU
		{D5D16DC6-89E8-4C13-816D-FBAA1F899F20}.Debug|Any CPU.Build.0 = Debug|Any CPU
		{D5D16DC6-89E8-4C13-816D-FBAA1F899F20}.Release|Any CPU.ActiveCfg = Release|Any CPU
		{D5D16DC6-89E8-4C13-816D-FBAA1F899F20}.Release|Any CPU.Build.0 = Release|Any CPU
		{B0F150E5-6149-46CA-9B83-A1FA1C7521CB}.Debug|Any CPU.ActiveCfg = Debug|Any CPU
		{B0F150E5-6149-46CA-9B83-A1FA1C7521CB}.Debug|Any CPU.Build.0 = Debug|Any CPU
		{B0F150E5-6149-46CA-9B83-A1FA1C7521CB}.Release|Any CPU.ActiveCfg = Release|Any CPU
		{B0F150E5-6149-46CA-9B83-A1FA1C7521CB}.Release|Any CPU.Build.0 = Release|Any CPU
		{D50C1C9E-4BF1-4B3F-B954-1EEA9D4596BF}.Debug|Any CPU.ActiveCfg = Debug|Any CPU
		{D50C1C9E-4BF1-4B3F-B954-1EEA9D4596BF}.Debug|Any CPU.Build.0 = Debug|Any CPU
		{D50C1C9E-4BF1-4B3F-B954-1EEA9D4596BF}.Release|Any CPU.ActiveCfg = Release|Any CPU
		{D50C1C9E-4BF1-4B3F-B954-1EEA9D4596BF}.Release|Any CPU.Build.0 = Release|Any CPU
		{BC092231-F3F9-4C54-8CB7-867ACE52A3E8}.Debug|Any CPU.ActiveCfg = Debug|Any CPU
		{BC092231-F3F9-4C54-8CB7-867ACE52A3E8}.Debug|Any CPU.Build.0 = Debug|Any CPU
		{BC092231-F3F9-4C54-8CB7-867ACE52A3E8}.Release|Any CPU.ActiveCfg = Release|Any CPU
		{BC092231-F3F9-4C54-8CB7-867ACE52A3E8}.Release|Any CPU.Build.0 = Release|Any CPU
		{392729C8-8784-4ADC-927B-CD332907FA02}.Debug|Any CPU.ActiveCfg = Debug|Any CPU
		{392729C8-8784-4ADC-927B-CD332907FA02}.Debug|Any CPU.Build.0 = Debug|Any CPU
		{392729C8-8784-4ADC-927B-CD332907FA02}.Release|Any CPU.ActiveCfg = Release|Any CPU
		{392729C8-8784-4ADC-927B-CD332907FA02}.Release|Any CPU.Build.0 = Release|Any CPU
		{B4FFA430-BB38-489E-83D4-3FACED52E63B}.Debug|Any CPU.ActiveCfg = Debug|Any CPU
		{B4FFA430-BB38-489E-83D4-3FACED52E63B}.Debug|Any CPU.Build.0 = Debug|Any CPU
		{B4FFA430-BB38-489E-83D4-3FACED52E63B}.Release|Any CPU.ActiveCfg = Release|Any CPU
		{B4FFA430-BB38-489E-83D4-3FACED52E63B}.Release|Any CPU.Build.0 = Release|Any CPU
		{D3C5DA99-5C66-4539-9FC0-FA56A5DB1593}.Debug|Any CPU.ActiveCfg = Debug|Any CPU
		{D3C5DA99-5C66-4539-9FC0-FA56A5DB1593}.Debug|Any CPU.Build.0 = Debug|Any CPU
		{D3C5DA99-5C66-4539-9FC0-FA56A5DB1593}.Release|Any CPU.ActiveCfg = Release|Any CPU
		{D3C5DA99-5C66-4539-9FC0-FA56A5DB1593}.Release|Any CPU.Build.0 = Release|Any CPU
		{E64B0352-EEED-448B-A03E-1B067FE06212}.Debug|Any CPU.ActiveCfg = Debug|Any CPU
		{E64B0352-EEED-448B-A03E-1B067FE06212}.Debug|Any CPU.Build.0 = Debug|Any CPU
		{E64B0352-EEED-448B-A03E-1B067FE06212}.Release|Any CPU.ActiveCfg = Release|Any CPU
		{E64B0352-EEED-448B-A03E-1B067FE06212}.Release|Any CPU.Build.0 = Release|Any CPU
	EndGlobalSection
	GlobalSection(SolutionProperties) = preSolution
		HideSolutionNode = FALSE
	EndGlobalSection
	GlobalSection(NestedProjects) = preSolution
		{5315036E-46EA-4807-B715-F05C6FA566AD} = {CA3839A5-9058-47DE-867D-83E4DAC3A552}
		{85997D57-5916-4CF6-9FF6-B5A7BB1FD81C} = {CA3839A5-9058-47DE-867D-83E4DAC3A552}
		{B6F8411C-E4BE-4DAA-8306-CFB02D9E47D0} = {CA3839A5-9058-47DE-867D-83E4DAC3A552}
		{281DC46F-5501-49BE-913E-F2F2BDFD0663} = {CA3839A5-9058-47DE-867D-83E4DAC3A552}
		{E7D67DBD-821A-48ED-9C1C-BAC82D57F255} = {CA3839A5-9058-47DE-867D-83E4DAC3A552}
		{9E1D7C2B-B085-4EB4-955D-8BC78F5F1182} = {CA3839A5-9058-47DE-867D-83E4DAC3A552}
		{07B522CF-719B-4EDE-81B9-A8C2085467E7} = {281DC46F-5501-49BE-913E-F2F2BDFD0663}
		{B4F0FC49-C793-4F11-95D9-C24F6FD999DD} = {E7D67DBD-821A-48ED-9C1C-BAC82D57F255}
		{D5D16DC6-89E8-4C13-816D-FBAA1F899F20} = {85997D57-5916-4CF6-9FF6-B5A7BB1FD81C}
		{B0F150E5-6149-46CA-9B83-A1FA1C7521CB} = {5315036E-46EA-4807-B715-F05C6FA566AD}
		{12957251-62D3-4B51-9339-4C4FCC1E5248} = {01B4A00A-C06A-439F-85D9-AB0F2A6559B8}
		{D50C1C9E-4BF1-4B3F-B954-1EEA9D4596BF} = {12957251-62D3-4B51-9339-4C4FCC1E5248}
		{BC092231-F3F9-4C54-8CB7-867ACE52A3E8} = {9E1D7C2B-B085-4EB4-955D-8BC78F5F1182}
		{392729C8-8784-4ADC-927B-CD332907FA02} = {E7D67DBD-821A-48ED-9C1C-BAC82D57F255}
		{B4FFA430-BB38-489E-83D4-3FACED52E63B} = {E7D67DBD-821A-48ED-9C1C-BAC82D57F255}
		{6FA11F08-45A2-443E-B3AB-943DADF71E71} = {01B4A00A-C06A-439F-85D9-AB0F2A6559B8}
		{D3C5DA99-5C66-4539-9FC0-FA56A5DB1593} = {6FA11F08-45A2-443E-B3AB-943DADF71E71}
		{E64B0352-EEED-448B-A03E-1B067FE06212} = {B6F8411C-E4BE-4DAA-8306-CFB02D9E47D0}
	EndGlobalSection
	GlobalSection(ExtensibilityGlobals) = postSolution
		SolutionGuid = {364DC1EE-70A7-4A40-9948-08EB5BA00F0F}
	EndGlobalSection
EndGlobal
